// !$*UTF8*$!
{
	archiveVersion = 1;
	classes = {
	};
	objectVersion = 50;
	objects = {

/* Begin PBXBuildFile section */
		FA9BCC1B20A6655C008198A1 /* Default-568h@2x.png in Resources */ = {isa = PBXBuildFile; fileRef = FA9BCC1A20A6655C008198A1 /* Default-568h@2x.png */; };
		FADDC45D20A6598000A555CB /* AppDelegate.swift in Sources */ = {isa = PBXBuildFile; fileRef = FADDC45C20A6598000A555CB /* AppDelegate.swift */; };
		FADDC45F20A6598000A555CB /* ViewController.swift in Sources */ = {isa = PBXBuildFile; fileRef = FADDC45E20A6598000A555CB /* ViewController.swift */; };
		FADDC46220A6598000A555CB /* Main.storyboard in Resources */ = {isa = PBXBuildFile; fileRef = FADDC46020A6598000A555CB /* Main.storyboard */; };
		FADDC46420A6598200A555CB /* Assets.xcassets in Resources */ = {isa = PBXBuildFile; fileRef = FADDC46320A6598200A555CB /* Assets.xcassets */; };
		FADDC46720A6598200A555CB /* LaunchScreen.storyboard in Resources */ = {isa = PBXBuildFile; fileRef = FADDC46520A6598200A555CB /* LaunchScreen.storyboard */; };
/* End PBXBuildFile section */

/* Begin PBXFileReference section */
		FA9BCC1A20A6655C008198A1 /* Default-568h@2x.png */ = {isa = PBXFileReference; lastKnownFileType = image.png; path = "Default-568h@2x.png"; sourceTree = "<group>"; };
		FADDC45920A6598000A555CB /* sesam-deschide-te.app */ = {isa = PBXFileReference; explicitFileType = wrapper.application; includeInIndex = 0; path = "sesam-deschide-te.app"; sourceTree = BUILT_PRODUCTS_DIR; };
		FADDC45C20A6598000A555CB /* AppDelegate.swift */ = {isa = PBXFileReference; lastKnownFileType = sourcecode.swift; path = AppDelegate.swift; sourceTree = "<group>"; };
		FADDC45E20A6598000A555CB /* ViewController.swift */ = {isa = PBXFileReference; lastKnownFileType = sourcecode.swift; path = ViewController.swift; sourceTree = "<group>"; };
		FADDC46120A6598000A555CB /* Base */ = {isa = PBXFileReference; lastKnownFileType = file.storyboard; name = Base; path = Base.lproj/Main.storyboard; sourceTree = "<group>"; };
		FADDC46320A6598200A555CB /* Assets.xcassets */ = {isa = PBXFileReference; lastKnownFileType = folder.assetcatalog; path = Assets.xcassets; sourceTree = "<group>"; };
		FADDC46620A6598200A555CB /* Base */ = {isa = PBXFileReference; lastKnownFileType = file.storyboard; name = Base; path = Base.lproj/LaunchScreen.storyboard; sourceTree = "<group>"; };
		FADDC46820A6598200A555CB /* Info.plist */ = {isa = PBXFileReference; lastKnownFileType = text.plist.xml; path = Info.plist; sourceTree = "<group>"; };
/* End PBXFileReference section */

/* Begin PBXFrameworksBuildPhase section */
		FADDC45620A6598000A555CB /* Frameworks */ = {
			isa = PBXFrameworksBuildPhase;
			buildActionMask = 2147483647;
			files = (
			);
			runOnlyForDeploymentPostprocessing = 0;
		};
/* End PBXFrameworksBuildPhase section */

/* Begin PBXGroup section */
		FADDC45020A6598000A555CB = {
			isa = PBXGroup;
			children = (
				FA9BCC1A20A6655C008198A1 /* Default-568h@2x.png */,
				FADDC45B20A6598000A555CB /* sesam-deschide-te */,
				FADDC45A20A6598000A555CB /* Products */,
			);
			sourceTree = "<group>";
		};
		FADDC45A20A6598000A555CB /* Products */ = {
			isa = PBXGroup;
			children = (
				FADDC45920A6598000A555CB /* sesam-deschide-te.app */,
			);
			name = Products;
			sourceTree = "<group>";
		};
		FADDC45B20A6598000A555CB /* sesam-deschide-te */ = {
			isa = PBXGroup;
			children = (
				FADDC45C20A6598000A555CB /* AppDelegate.swift */,
				FADDC45E20A6598000A555CB /* ViewController.swift */,
				FADDC46020A6598000A555CB /* Main.storyboard */,
				FADDC46320A6598200A555CB /* Assets.xcassets */,
				FADDC46520A6598200A555CB /* LaunchScreen.storyboard */,
				FADDC46820A6598200A555CB /* Info.plist */,
			);
			path = "sesam-deschide-te";
			sourceTree = "<group>";
		};
/* End PBXGroup section */

/* Begin PBXNativeTarget section */
		FADDC45820A6598000A555CB /* sesam-deschide-te */ = {
			isa = PBXNativeTarget;
			buildConfigurationList = FADDC46B20A6598200A555CB /* Build configuration list for PBXNativeTarget "sesam-deschide-te" */;
			buildPhases = (
				FADDC45520A6598000A555CB /* Sources */,
				FADDC45620A6598000A555CB /* Frameworks */,
				FADDC45720A6598000A555CB /* Resources */,
			);
			buildRules = (
			);
			dependencies = (
			);
			name = "sesam-deschide-te";
			productName = "sesam-deschidete";
			productReference = FADDC45920A6598000A555CB /* sesam-deschide-te.app */;
			productType = "com.apple.product-type.application";
		};
/* End PBXNativeTarget section */

/* Begin PBXProject section */
		FADDC45120A6598000A555CB /* Project object */ = {
			isa = PBXProject;
			attributes = {
				LastSwiftUpdateCheck = 0930;
				LastUpgradeCheck = 0930;
				ORGANIZATIONNAME = "Alexandru Marin";
				TargetAttributes = {
					FADDC45820A6598000A555CB = {
						CreatedOnToolsVersion = 9.3;
					};
				};
			};
			buildConfigurationList = FADDC45420A6598000A555CB /* Build configuration list for PBXProject "sesam-deschide-te" */;
			compatibilityVersion = "Xcode 9.3";
			developmentRegion = en;
			hasScannedForEncodings = 0;
			knownRegions = (
				en,
				Base,
			);
			mainGroup = FADDC45020A6598000A555CB;
			productRefGroup = FADDC45A20A6598000A555CB /* Products */;
			projectDirPath = "";
			projectRoot = "";
			targets = (
				FADDC45820A6598000A555CB /* sesam-deschide-te */,
			);
		};
/* End PBXProject section */

/* Begin PBXResourcesBuildPhase section */
		FADDC45720A6598000A555CB /* Resources */ = {
			isa = PBXResourcesBuildPhase;
			buildActionMask = 2147483647;
			files = (
				FADDC46720A6598200A555CB /* LaunchScreen.storyboard in Resources */,
				FA9BCC1B20A6655C008198A1 /* Default-568h@2x.png in Resources */,
				FADDC46420A6598200A555CB /* Assets.xcassets in Resources */,
				FADDC46220A6598000A555CB /* Main.storyboard in Resources */,
			);
			runOnlyForDeploymentPostprocessing = 0;
		};
/* End PBXResourcesBuildPhase section */

/* Begin PBXSourcesBuildPhase section */
		FADDC45520A6598000A555CB /* Sources */ = {
			isa = PBXSourcesBuildPhase;
			buildActionMask = 2147483647;
			files = (
				FADDC45F20A6598000A555CB /* ViewController.swift in Sources */,
				FADDC45D20A6598000A555CB /* AppDelegate.swift in Sources */,
			);
			runOnlyForDeploymentPostprocessing = 0;
		};
/* End PBXSourcesBuildPhase section */

/* Begin PBXVariantGroup section */
		FADDC46020A6598000A555CB /* Main.storyboard */ = {
			isa = PBXVariantGroup;
			children = (
				FADDC46120A6598000A555CB /* Base */,
			);
			name = Main.storyboard;
			sourceTree = "<group>";
		};
		FADDC46520A6598200A555CB /* LaunchScreen.storyboard */ = {
			isa = PBXVariantGroup;
			children = (
				FADDC46620A6598200A555CB /* Base */,
			);
			name = LaunchScreen.storyboard;
			sourceTree = "<group>";
		};
/* End PBXVariantGroup section */

/* Begin XCBuildConfiguration section */
		FADDC46920A6598200A555CB /* Debug */ = {
			isa = XCBuildConfiguration;
			buildSettings = {
				ALWAYS_SEARCH_USER_PATHS = NO;
				CLANG_ANALYZER_NONNULL = YES;
				CLANG_ANALYZER_NUMBER_OBJECT_CONVERSION = YES_AGGRESSIVE;
				CLANG_CXX_LANGUAGE_STANDARD = "gnu++14";
				CLANG_CXX_LIBRARY = "libc++";
				CLANG_ENABLE_MODULES = YES;
				CLANG_ENABLE_OBJC_ARC = YES;
				CLANG_ENABLE_OBJC_WEAK = YES;
				CLANG_WARN_BLOCK_CAPTURE_AUTORELEASING = YES;
				CLANG_WARN_BOOL_CONVERSION = YES;
				CLANG_WARN_COMMA = YES;
				CLANG_WARN_CONSTANT_CONVERSION = YES;
				CLANG_WARN_DEPRECATED_OBJC_IMPLEMENTATIONS = YES;
				CLANG_WARN_DIRECT_OBJC_ISA_USAGE = YES_ERROR;
				CLANG_WARN_DOCUMENTATION_COMMENTS = YES;
				CLANG_WARN_EMPTY_BODY = YES;
				CLANG_WARN_ENUM_CONVERSION = YES;
				CLANG_WARN_INFINITE_RECURSION = YES;
				CLANG_WARN_INT_CONVERSION = YES;
				CLANG_WARN_NON_LITERAL_NULL_CONVERSION = YES;
				CLANG_WARN_OBJC_IMPLICIT_RETAIN_SELF = YES;
				CLANG_WARN_OBJC_LITERAL_CONVERSION = YES;
				CLANG_WARN_OBJC_ROOT_CLASS = YES_ERROR;
				CLANG_WARN_RANGE_LOOP_ANALYSIS = YES;
				CLANG_WARN_STRICT_PROTOTYPES = YES;
				CLANG_WARN_SUSPICIOUS_MOVE = YES;
				CLANG_WARN_UNGUARDED_AVAILABILITY = YES_AGGRESSIVE;
				CLANG_WARN_UNREACHABLE_CODE = YES;
				CLANG_WARN__DUPLICATE_METHOD_MATCH = YES;
				CODE_SIGN_IDENTITY = "iPhone Developer";
				COPY_PHASE_STRIP = NO;
				DEBUG_INFORMATION_FORMAT = dwarf;
				ENABLE_STRICT_OBJC_MSGSEND = YES;
				ENABLE_TESTABILITY = YES;
				GCC_C_LANGUAGE_STANDARD = gnu11;
				GCC_DYNAMIC_NO_PIC = NO;
				GCC_NO_COMMON_BLOCKS = YES;
				GCC_OPTIMIZATION_LEVEL = 0;
				GCC_PREPROCESSOR_DEFINITIONS = (
					"DEBUG=1",
					"$(inherited)",
				);
				GCC_WARN_64_TO_32_BIT_CONVERSION = YES;
				GCC_WARN_ABOUT_RETURN_TYPE = YES_ERROR;
				GCC_WARN_UNDECLARED_SELECTOR = YES;
				GCC_WARN_UNINITIALIZED_AUTOS = YES_AGGRESSIVE;
				GCC_WARN_UNUSED_FUNCTION = YES;
				GCC_WARN_UNUSED_VARIABLE = YES;
				IPHONEOS_DEPLOYMENT_TARGET = 11.3;
				MTL_ENABLE_DEBUG_INFO = YES;
				ONLY_ACTIVE_ARCH = YES;
				SDKROOT = iphoneos;
				SWIFT_ACTIVE_COMPILATION_CONDITIONS = DEBUG;
				SWIFT_OPTIMIZATION_LEVEL = "-Onone";
			};
			name = Debug;
		};
		FADDC46A20A6598200A555CB /* Release */ = {
			isa = XCBuildConfiguration;
			buildSettings = {
				ALWAYS_SEARCH_USER_PATHS = NO;
				CLANG_ANALYZER_NONNULL = YES;
				CLANG_ANALYZER_NUMBER_OBJECT_CONVERSION = YES_AGGRESSIVE;
				CLANG_CXX_LANGUAGE_STANDARD = "gnu++14";
				CLANG_CXX_LIBRARY = "libc++";
				CLANG_ENABLE_MODULES = YES;
				CLANG_ENABLE_OBJC_ARC = YES;
				CLANG_ENABLE_OBJC_WEAK = YES;
				CLANG_WARN_BLOCK_CAPTURE_AUTORELEASING = YES;
				CLANG_WARN_BOOL_CONVERSION = YES;
				CLANG_WARN_COMMA = YES;
				CLANG_WARN_CONSTANT_CONVERSION = YES;
				CLANG_WARN_DEPRECATED_OBJC_IMPLEMENTATIONS = YES;
				CLANG_WARN_DIRECT_OBJC_ISA_USAGE = YES_ERROR;
				CLANG_WARN_DOCUMENTATION_COMMENTS = YES;
				CLANG_WARN_EMPTY_BODY = YES;
				CLANG_WARN_ENUM_CONVERSION = YES;
				CLANG_WARN_INFINITE_RECURSION = YES;
				CLANG_WARN_INT_CONVERSION = YES;
				CLANG_WARN_NON_LITERAL_NULL_CONVERSION = YES;
				CLANG_WARN_OBJC_IMPLICIT_RETAIN_SELF = YES;
				CLANG_WARN_OBJC_LITERAL_CONVERSION = YES;
				CLANG_WARN_OBJC_ROOT_CLASS = YES_ERROR;
				CLANG_WARN_RANGE_LOOP_ANALYSIS = YES;
				CLANG_WARN_STRICT_PROTOTYPES = YES;
				CLANG_WARN_SUSPICIOUS_MOVE = YES;
				CLANG_WARN_UNGUARDED_AVAILABILITY = YES_AGGRESSIVE;
				CLANG_WARN_UNREACHABLE_CODE = YES;
				CLANG_WARN__DUPLICATE_METHOD_MATCH = YES;
				CODE_SIGN_IDENTITY = "iPhone Developer";
				COPY_PHASE_STRIP = NO;
				DEBUG_INFORMATION_FORMAT = "dwarf-with-dsym";
				ENABLE_NS_ASSERTIONS = NO;
				ENABLE_STRICT_OBJC_MSGSEND = YES;
				GCC_C_LANGUAGE_STANDARD = gnu11;
				GCC_NO_COMMON_BLOCKS = YES;
				GCC_WARN_64_TO_32_BIT_CONVERSION = YES;
				GCC_WARN_ABOUT_RETURN_TYPE = YES_ERROR;
				GCC_WARN_UNDECLARED_SELECTOR = YES;
				GCC_WARN_UNINITIALIZED_AUTOS = YES_AGGRESSIVE;
				GCC_WARN_UNUSED_FUNCTION = YES;
				GCC_WARN_UNUSED_VARIABLE = YES;
				IPHONEOS_DEPLOYMENT_TARGET = 11.3;
				MTL_ENABLE_DEBUG_INFO = NO;
				SDKROOT = iphoneos;
				SWIFT_COMPILATION_MODE = wholemodule;
				SWIFT_OPTIMIZATION_LEVEL = "-O";
				VALIDATE_PRODUCT = YES;
			};
			name = Release;
		};
		FADDC46C20A6598200A555CB /* Debug */ = {
			isa = XCBuildConfiguration;
			buildSettings = {
				ASSETCATALOG_COMPILER_APPICON_NAME = AppIcon;
				CODE_SIGN_STYLE = Automatic;
				DEVELOPMENT_TEAM = YPAF2WHL8E;
				INFOPLIST_FILE = "sesam-deschidete/Info.plist";
				LD_RUNPATH_SEARCH_PATHS = (
					"$(inherited)",
					"@executable_path/Frameworks",
				);
				PRODUCT_BUNDLE_IDENTIFIER = "com.sesam-deschide-te";
				PRODUCT_NAME = "$(TARGET_NAME)";
				SWIFT_VERSION = 4.0;
				TARGETED_DEVICE_FAMILY = "1,2";
			};
			name = Debug;
		};
		FADDC46D20A6598200A555CB /* Release */ = {
			isa = XCBuildConfiguration;
			buildSettings = {
				ASSETCATALOG_COMPILER_APPICON_NAME = AppIcon;
				CODE_SIGN_STYLE = Automatic;
				DEVELOPMENT_TEAM = YPAF2WHL8E;
				INFOPLIST_FILE = "sesam-deschidete/Info.plist";
				LD_RUNPATH_SEARCH_PATHS = (
					"$(inherited)",
					"@executable_path/Frameworks",
				);
				PRODUCT_BUNDLE_IDENTIFIER = "com.sesam-deschide-te";
				PRODUCT_NAME = "$(TARGET_NAME)";
				SWIFT_VERSION = 4.0;
				TARGETED_DEVICE_FAMILY = "1,2";
			};
			name = Release;
		};
/* End XCBuildConfiguration section */

/* Begin XCConfigurationList section */
		FADDC45420A6598000A555CB /* Build configuration list for PBXProject "sesam-deschide-te" */ = {
			isa = XCConfigurationList;
			buildConfigurations = (
				FADDC46920A6598200A555CB /* Debug */,
				FADDC46A20A6598200A555CB /* Release */,
			);
			defaultConfigurationIsVisible = 0;
			defaultConfigurationName = Release;
		};
		FADDC46B20A6598200A555CB /* Build configuration list for PBXNativeTarget "sesam-deschide-te" */ = {
			isa = XCConfigurationList;
			buildConfigurations = (
				FADDC46C20A6598200A555CB /* Debug */,
				FADDC46D20A6598200A555CB /* Release */,
			);
			defaultConfigurationIsVisible = 0;
			defaultConfigurationName = Release;
		};
/* End XCConfigurationList section */
	};
	rootObject = FADDC45120A6598000A555CB /* Project object */;
}
